emperror.dev/emperror v0.32.0 h1:DWdD6gwPaY1FYVmtfBhX/cP+u8g4/W0FdE6w32IerNc=
emperror.dev/emperror v0.32.0/go.mod h1:ZasUgT1WGMbTYZzEWmyPuc6pCxRjO6Kp8lZz4FRRIiM=
emperror.dev/errors v0.7.0 h1:vf0gZ0j9BJCXQYm0M21DPKeXy9PUjvX1YHXhNzIsqOY=
emperror.dev/errors v0.7.0/go.mod h1:X4dljzQehaz3WfBKc6c7bR+ve2ZsRzbBkFBF+HTcW0M=
github.com/BurntSushi/toml v0.3.1 h1:WXkYYl6Yr3qBf1K79EBnL4mak0OimBfB0XUf9Vl28OQ=
github.com/BurntSushi/toml v0.3.1/go.mod h1:xHWCNGjB5oqiDr8zfno3MHue2Ht5sIBksp03qcyfWMU=
github.com/GeertJohan/go.incremental v1.0.0/go.mod h1:6fAjUhbVuX1KcMD3c8TEgVUqmo4seqhv0i0kdATSkM0=
github.com/GeertJohan/go.rice v1.0.0 h1:KkI6O9uMaQU3VEKaj01ulavtF7o1fWT7+pk/4voiMLQ=
github.com/GeertJohan/go.rice v1.0.0/go.mod h1:eH6gbSOAUv07dQuZVnBmoDP8mgsM1rtixis4Tib9if0=
github.com/Knetic/govaluate v3.0.0+incompatible h1:7o6+MAPhYTCF0+fdvoz1xDedhRb4f6s9Tn1Tt7/WTEg=
github.com/Knetic/govaluate v3.0.0+incompatible/go.mod h1:r7JcOSlj0wfOMncg0iLm8Leh48TZaKVeNIfJntJ2wa0=
github.com/Microsoft/go-winio v0.4.14 h1:+hMXMk01us9KgxGb7ftKQt2Xpf5hH/yky+TDA+qxleU=
github.com/Microsoft/go-winio v0.4.14/go.mod h1:qXqCSQ3Xa7+6tgxaGTIe4Kpcdsi+P8jBhyzoq1bpyYA=
github.com/VividCortex/gohistogram v1.0.0 h1:6+hBz+qvs0JOrrNhhmR7lFxo5sINxBCGXrdtl/UvroE=
github.com/VividCortex/gohistogram v1.0.0/go.mod h1:Pf5mBqqDxYaXu3hDrrU+w6nw50o/4+TcAqDqk/vUH7g=
github.com/akavel/rsrc v0.8.0/go.mod h1:uLoCtb9J+EyAqh+26kdrTgmzRBFPGOolLWKpdxkKq+c=
github.com/aryann/difflib v0.0.0-20170710044230-e206f873d14a/go.mod h1:DAHtR1m6lCRdSC2Tm3DSWRPvIPr6xNKyeHdqDQSQT+A=
github.com/certifi/gocertifi v0.0.0-20200104152315-a6d78f326758 h1:epkmRmrjzR0Km6DrVMk/ZQwDdMY2w31I3kQT91DbxS0=
github.com/certifi/gocertifi v0.0.0-20200104152315-a6d78f326758/go.mod h1:sGbDF6GwGcLpkNXPUTkMRoywsNa/ol15pxFe6ERfguA=
github.com/cockroachdb/errors v1.2.4 h1:Lap807SXTH5tri2TivECb/4abUkMZC9zRoLarvcKDqs=
github.com/cockroachdb/errors v1.2.4/go.mod h1:rQD95gz6FARkaKkQXUksEje/d9a6wBJoCr5oaCLELYA=
github.com/cockroachdb/logtags v0.0.0-20190617123548-eb05cc24525f h1:o/kfcElHqOiXqcou5a3rIlMc7oJbMQkeLk0VQJ7zgqY=
github.com/cockroachdb/logtags v0.0.0-20190617123548-eb05cc24525f/go.mod h1:i/u985jwjWRlyHXQbwatDASoW0RMlZ/3i9yJHE2xLkI=
github.com/codahale/hdrhistogram v0.0.0-20161010025455-3a0bb77429bd/go.mod h1:sE/e/2PUdi/liOCUjSTXgM1o87ZssimdTWN964YiIeI=
github.com/daaku/go.zipexe v1.0.0 h1:VSOgZtH418pH9L16hC/JrgSNJbbAL26pj7lmD1+CGdY=
github.com/daaku/go.zipexe v1.0.0/go.mod h1:z8IiR6TsVLEYKwXAoE/I+8ys/sDkgTzSL0CLnGVd57E=
github.com/davecgh/go-spew v1.1.0/go.mod h1:J7Y8YcW2NihsgmVo/mv3lAwl/skON4iLHjSsI+c5H38=
github.com/davecgh/go-spew v1.1.1 h1:vj9j/u1bqnvCEfJOwUhtlOARqs3+rkHYY13jYWTU97c=
github.com/davecgh/go-spew v1.1.1/go.mod h1:J7Y8YcW2NihsgmVo/mv3lAwl/skON4iLHjSsI+c5H38=
github.com/denisenkom/go-mssqldb v0.0.0-20191001013358-cfbb681360f0/go.mod h1:xbL0rPBG9cCiLr28tMa8zpbdarY27NDyej4t/EjAShU=
github.com/dgrijalva/jwt-go v3.2.0+incompatible h1:7qlOGliEKZXTDg6OTjfoBKDXWrumCAMpl/TFQ4/5kLM=
github.com/dgrijalva/jwt-go v3.2.0+incompatible/go.mod h1:E3ru+11k8xSBh+hMPgOLZmtrrCbhqsmaPHjLKYnJCaQ=
github.com/digitalcrab/browscap_go v0.0.0-20160912072603-465055751e36 h1:7kL0gN6kKBxWU4OQlqbexfWQHmOLTbF4AsfYL+FonjU=
github.com/digitalcrab/browscap_go v0.0.0-20160912072603-465055751e36/go.mod h1:eZPO3+5iaQK+uDrXpl9VXqml8HWlXg/HtpW9Ca/unDY=
github.com/getsentry/raven-go v0.2.0 h1:no+xWJRb5ZI7eE8TWgIq1jLulQiIoLG0IfYxv5JYMGs=
github.com/getsentry/raven-go v0.2.0/go.mod h1:KungGk8q33+aIAZUIVWZDr2OfAEBsO49PX4NzFV5kcQ=
github.com/ghodss/yaml v1.0.0 h1:wQHKEahhL6wmXdzwWG11gIVCkOv05bNOh+Rxn0yngAk=
github.com/ghodss/yaml v1.0.0/go.mod h1:4dBDuWmgqj2HViK6kFavaiC9ZROes6MMH2rRYeMEF04=
github.com/go-kit/kit v0.9.0 h1:wDJmvq38kDhkVxi50ni9ykkdUr1PKgqKOoi01fa0Mdk=
github.com/go-kit/kit v0.9.0/go.mod h1:xBxKIO96dXMWWy0MnWVtmwkA9/13aqxPnvrjFYMA2as=
github.com/go-playground/locales v0.13.0/go.mod h1:taPMhCMXrRLJO55olJkUXHZBHCxTMfnGwq/HNwmWNS8=
github.com/go-sql-driver/mysql v1.4.1/go.mod h1:zAC/RDZ24gD3HViQzih4MyKcchzm+sOG5ZlKdlhCg5w=
github.com/gogo/protobuf v1.3.1 h1:DqDEcV5aeaTmdFBePNpYsp3FlcVH/2ISVVM9Qf8PSls=
github.com/gogo/protobuf v1.3.1/go.mod h1:SlYgWuQ5SjCEi6WLHjHCa1yvBfUnHcTbrrZtXPKa29o=
github.com/golang-sql/civil v0.0.0-20190719163853-cb61b32ac6fe/go.mod h1:8vg3r2VgvsThLBIFL93Qb5yWzgyZWhEmBwUJWevAkK0=
github.com/golang/freetype v0.0.0-20170609003504-e2365dfdc4a0 h1:DACJavvAHhabrF08vX0COfcOBJRhZ8lUbR+ZWIs0Y5g=
github.com/golang/freetype v0.0.0-20170609003504-e2365dfdc4a0/go.mod h1:E/TSTwGwJL78qG/PmXZO1EjYhfJinVAhrmmHX6Z8B9k=
github.com/golang/glog v0.0.0-20160126235308-23def4e6c14b h1:VKtxabqXZkF25pY9ekfRL6a582T4P37/31XEstQ5p58=
github.com/golang/glog v0.0.0-20160126235308-23def4e6c14b/go.mod h1:SBH7ygxi8pfUlaOkMMuAQtPIUF8ecWP5IEl/CR7VP2Q=
github.com/golang/protobuf v1.3.1/go.mod h1:6lQm79b+lXiMfvg/cZm0SGofjICqVBUtrP5yJMmIC1U=
github.com/google/go-cmp v0.4.0/go.mod h1:v8dTdLbMG2kIc/vJvl+f65V22dbkXbowE6jgT/gNBxE=
github.com/google/renameio v0.1.0/go.mod h1:KWCgfxg9yswjAJkECMjeO8J8rahYeXnNhOm40UhjYkI=
github.com/grsmv/inflect v0.0.0-20140723132642-a28d3de3b3ad h1:TwIHBCUKHVRVF2qTtjoiwgeR37KuVSn4XoL4/7RW1cU=
github.com/grsmv/inflect v0.0.0-20140723132642-a28d3de3b3ad/go.mod h1:fb+mB08ThqPoju994Q3+VcLBrEHZqprAjxs7IpkvDLc=
github.com/hjson/hjson-go v3.0.1+incompatible h1:JwOXblcMiBbiWue7iPkoFK9oXSnW8n+qXh/0Fio6TCo=
github.com/hjson/hjson-go v3.0.1+incompatible/go.mod h1:qsetwF8NlsTsOTwZTApNlTCerV+b2GjYRRcIk4JMFio=
github.com/inconshreveable/log15 v0.0.0-20200109203555-b30bc20e4fd1 h1:KUDFlmBg2buRWNzIcwLlKvfcnujcHQRQ1As1LoaCLAM=
github.com/inconshreveable/log15 v0.0.0-20200109203555-b30bc20e4fd1/go.mod h1:cOaXtrgN4ScfRrD9Bre7U1thNq5RtJ8ZoP4iXVGRj6o=
github.com/inconshreveable/mousetrap v1.0.0/go.mod h1:PxqpIevigyE2G7u3NXJIT2ANytuPF1OarO4DADm73n8=
github.com/jaypipes/ghw v0.5.0 h1:Qocnm0cFGVSLkamVQMhOuiUKTdcsG74qvVw8xFaOuzc=
github.com/jaypipes/ghw v0.5.0/go.mod h1:pFqHjEEJFQHrHpZifJ+BBMG+CfGQK7jLLkAqZrRQ7gQ=
github.com/jaypipes/pcidb v0.5.0 h1:4W5gZ+G7QxydevI8/MmmKdnIPJpURqJ2JNXTzfLxF5c=
github.com/jaypipes/pcidb v0.5.0/go.mod h1:L2RGk04sfRhp5wvHO0gfRAMoLY/F3PKv/nwJeVoho0o=
github.com/jessevdk/go-flags v1.4.0/go.mod h1:4FA24M0QyGHXBuZZK/XkWh8h0e1EYbRYJSGM75WSRxI=
github.com/kardianos/osext v0.0.0-20190222173326-2bc1f35cddc0 h1:iQTw/8FWTuc7uiaSepXwyf3o52HaUYcV+Tu66S3F5GA=
github.com/kardianos/osext v0.0.0-20190222173326-2bc1f35cddc0/go.mod h1:1NbS8ALrpOvjt0rHPNLyCIeMtbizbir8U//inJ+zuB8=
github.com/kisielk/errcheck v1.2.0/go.mod h1:/BMXB+zMLi60iA8Vv6Ksmxu/1UDYcXs4uQLJ+jE2L00=
github.com/kisielk/gotool v1.0.0/go.mod h1:XhKaO+MFFWcvkIS/tQcRk01m1F5IRFswLeQ+oQHNcck=
github.com/konsorten/go-windows-terminal-sequences v1.0.1/go.mod h1:T0+1ngSBFLxvqU3pZ+m/2kptfBszLMUkC4ZK/EgS/cQ=
github.com/kr/pretty v0.1.0/go.mod h1:dAy3ld7l9f0ibDNOQOHHMYYIIbhfbHSm3C4ZsoJORNo=
github.com/kr/pty v1.1.1/go.mod h1:pFQYn66WHrOpPYNljwOMqo10TkYh1fy3cYio2l3bCsQ=
github.com/kr/text v0.1.0/go.mod h1:4Jbv+DJW3UT/LiOwJeYQe1efqtUx/iVham/4vfdArNI=
github.com/labstack/echo v3.3.10+incompatible h1:pGRcYk231ExFAyoAjAfD85kQzRJCRI8bbnE7CX5OEgg=
github.com/labstack/echo v3.3.10+incompatible/go.mod h1:0INS7j/VjnFxD4E2wkz67b8cVwCLbBmJyDaka6Cmk1s=
github.com/labstack/echo/v4 v4.1.11 h1:z0BZoArY4FqdpUEl+wlHp4hnr/oSR6MTmQmv8OHSoww=
github.com/labstack/echo/v4 v4.1.11/go.mod h1:i541M3Fj6f76NZtHSj7TXnyM8n2gaodfvfxNnFqi74g=
github.com/labstack/echo/v4 v4.1.14 h1:h8XP66UfB3tUm+L3QPw7tmwAu3pJaA/nyfHPCcz46ic=
github.com/labstack/echo/v4 v4.1.14/go.mod h1:Q5KZ1vD3V5FEzjM79hjwVrC3ABr7F5IdM23bXQMRDGg=
github.com/labstack/gommon v0.3.0 h1:JEeO0bvc78PKdyHxloTKiF8BD5iGrH8T6MSeGvSgob0=
github.com/labstack/gommon v0.3.0/go.mod h1:MULnywXg0yavhxWKc+lOruYdAhDwPK9wf0OL7NoOu+k=
github.com/lib/pq v1.2.0 h1:LXpIM/LZ5xGFhOpXAQUIMM1HdyqzVYM13zNdjCEEcA0=
github.com/lib/pq v1.2.0/go.mod h1:5WUZQaWbwv1U+lTReE5YruASi9Al49XbQIvNi/34Woo=
github.com/lib/pq v1.3.0 h1:/qkRGz8zljWiDcFvgpwUpwIAPu3r07TDvs3Rws+o/pU=
github.com/lib/pq v1.3.0/go.mod h1:5WUZQaWbwv1U+lTReE5YruASi9Al49XbQIvNi/34Woo=
github.com/mattn/go-colorable v0.1.2 h1:/bC9yWikZXAL9uJdulbSfyVNIR3n3trXl+v8+1sx8mU=
github.com/mattn/go-colorable v0.1.2/go.mod h1:U0ppj6V5qS13XJ6of8GYAs25YV2eR4EVcfRqFIhoBtE=
github.com/mattn/go-colorable v0.1.4 h1:snbPLB8fVfU9iwbbo30TPtbLRzwWu6aJS6Xh4eaaviA=
github.com/mattn/go-colorable v0.1.4/go.mod h1:U0ppj6V5qS13XJ6of8GYAs25YV2eR4EVcfRqFIhoBtE=
github.com/mattn/go-isatty v0.0.8/go.mod h1:Iq45c/XA43vh69/j3iqttzPXn0bhXyGjM0Hdxcsrc5s=
github.com/mattn/go-isatty v0.0.9 h1:d5US/mDsogSGW37IV293h//ZFaeajb69h+EHFsv2xGg=
github.com/mattn/go-isatty v0.0.9/go.mod h1:YNRxwqDuOph6SZLI9vUUz6OYw3QyUt7WiY2yME+cCiQ=
github.com/mattn/go-isatty v0.0.11/go.mod h1:PhnuNfih5lzO57/f3n+odYbM4JtupLOxQOAqxQCu2WE=
github.com/mattn/go-isatty v0.0.12 h1:wuysRhFDzyxgEmMf5xjvJ2M9dZoWAXNNr5LSBS7uHXY=
github.com/mattn/go-isatty v0.0.12/go.mod h1:cbi8OIDigv2wuxKPP5vlRcQ1OAZbq2CE4Kysco4FUpU=
github.com/mitchellh/go-homedir v1.0.0 h1:vKb8ShqSby24Yrqr/yDYkuFz8d0WUjys40rvnGC8aR0=
github.com/mitchellh/go-homedir v1.0.0/go.mod h1:SfyaCUpYCn1Vlf4IUYiD9fPX4A5wJrkLzIz1N1q0pr0=
github.com/mitchellh/go-ps v0.0.0-20190716172923-621e5597135b h1:9+ke9YJ9KGWw5ANXK6ozjoK47uI3uNbXv4YVINBnGm8=
github.com/mitchellh/go-ps v0.0.0-20190716172923-621e5597135b/go.mod h1:r1VsdOzOPt1ZSrGZWFoNhsAedKnEd6r9Np1+5blZCWk=
github.com/mitchellh/mapstructure v1.1.2 h1:fmNYVwqnSfB9mZU6OS2O6GsXM+wcskZDuKQzvN1EDeE=
github.com/mitchellh/mapstructure v1.1.2/go.mod h1:FVVH3fgwuzCH5S8UJGiWEs2h04kUh9fWfEaFds41c1Y=
github.com/mojocn/base64Captcha v1.3.0 h1:2mWu9fUoOx3ribrrsm4+8/UknSn8/g/xmPOkTwiY2Fo=
github.com/mojocn/base64Captcha v1.3.0/go.mod h1:wAQCKEc5bDujxKRmbT6/vTnTt5CjStQ8bRfPWUuz/iY=
github.com/mozillazg/go-slugify v0.2.0 h1:SIhqDlnJWZH8OdiTmQgeXR28AOnypmAXPeOTcG7b9lk=
github.com/mozillazg/go-slugify v0.2.0/go.mod h1:z7dPH74PZf2ZPFkyxx+zjPD8CNzRJNa1CGacv0gg8Ns=
github.com/mozillazg/go-unidecode v0.1.1 h1:uiRy1s4TUqLbcROUrnCN/V85Jlli2AmDF6EeAXOeMHE=
github.com/mozillazg/go-unidecode v0.1.1/go.mod h1:fYMdhyjni9ZeEmS6OE/GJHDLsF8TQvIVDwYR/drR26Q=
github.com/nkovacs/streamquote v0.0.0-20170412213628-49af9bddb229/go.mod h1:0aYXnNPJ8l7uZxf45rWW1a/uME32OF0rhiYGNQ2oF2E=
github.com/opentracing/opentracing-go v1.1.0 h1:pWlfV3Bxv7k65HYwkikxat0+s3pV4bsqf19k25Ur8rU=
github.com/opentracing/opentracing-go v1.1.0/go.mod h1:UkNAQd3GIcIGf0SeVgPpRdFStlNbqXla1AfSYxPUl2o=
github.com/patrickmn/go-cache v2.1.0+incompatible h1:HRMgzkcYKYpi3C8ajMPV8OFXaaRUnok+kx1WdO15EQc=
github.com/patrickmn/go-cache v2.1.0+incompatible/go.mod h1:3Qf8kWWT7OJRJbdiICTKqZju1ZixQ/KpMGzzAfe6+WQ=
github.com/pkg/errors v0.8.0/go.mod h1:bwawxfHBFNV+L2hUp1rHADufV3IMtnDRdf1r5NINEl0=
github.com/pkg/errors v0.8.1 h1:iURUrRGxPUNPdy5/HRSm+Yj6okJ6UtLINN0Q9M4+h3I=
github.com/pkg/errors v0.8.1/go.mod h1:bwawxfHBFNV+L2hUp1rHADufV3IMtnDRdf1r5NINEl0=
github.com/pkg/errors v0.9.0 h1:J8lpUdobwIeCI7OiSxHqEwJUKvJwicL5+3v1oe2Yb4k=
github.com/pkg/errors v0.9.0/go.mod h1:bwawxfHBFNV+L2hUp1rHADufV3IMtnDRdf1r5NINEl0=
github.com/pmezard/go-difflib v1.0.0 h1:4DBwDE0NGyQoBHbLQYPwSUPoCMWR5BEzIk/f1lZbAQM=
github.com/pmezard/go-difflib v1.0.0/go.mod h1:iKH77koFhYxTK1pcRnkKkqfTogsbg7gZNVY4sRDYZ/4=
github.com/revel/config v0.21.0 h1:Bw4iXLGAuD/Di2HEhPSOyDywrTlFIXUMbds91lXTtTU=
github.com/revel/config v0.21.0/go.mod h1:GT4a9px5kDGRqLizcw/md0QFErrhen76toz4qS3oIoI=
github.com/revel/log15 v2.11.20+incompatible h1:JkA4tbwIo/UGEMumY50zndKq816RQW3LQ0wIpRc+32U=
github.com/revel/log15 v2.11.20+incompatible/go.mod h1:l0WmLRs+IM1hBl4noJiBc2tZQiOgZyXzS1mdmFt+5Gc=
github.com/revel/pathtree v0.0.0-20140121041023-41257a1839e9 h1:/d6kfjzjyx19ieWqMOXHSTLFuRxLOH15ZubtcAXExKw=
github.com/revel/pathtree v0.0.0-20140121041023-41257a1839e9/go.mod h1:TmlwoRLDvgRjoTe6rbsxIaka/CulzYrgfef7iNJcEWY=
github.com/revel/revel v0.21.0 h1:E6kDJmpJSDb0F8XwbyG5h4ayzpZ+8Wcw2IiPZW/2qSc=
github.com/revel/revel v0.21.0/go.mod h1:VZWJnHjpDEtuGUuZJ2NO42XryitrtwsdVaJxfDeo5yc=
github.com/rogpeppe/go-internal v1.3.0/go.mod h1:M8bDsm7K2OlrFYOpmOWEs/qY81heoFRclV5y23lUDJ4=
github.com/runner-mei/GoBatis v1.1.6 h1:jXQuwAjjFhR7GNZDth584Oiq1c08thBpO1l0yDOZlm0=
github.com/runner-mei/GoBatis v1.1.6/go.mod h1:V6YE0l+mPOWsGjbV/fqfK3RkX+3UbzWRwIQ2MRMzEKQ=
github.com/runner-mei/GoBatis v1.1.8 h1:PfsO1GcNQnwwp/E2BBIiFtNOTfloeBJGmbd9nQAJArw=
github.com/runner-mei/GoBatis v1.1.8/go.mod h1:V6YE0l+mPOWsGjbV/fqfK3RkX+3UbzWRwIQ2MRMzEKQ=
github.com/runner-mei/errors v0.0.0-20191030090348-38af1672ff66 h1:RdPUaLzJE68Q0S1Sx1X87XajtK4ZPzTb9w6WOdEDYUw=
github.com/runner-mei/errors v0.0.0-20191030090348-38af1672ff66/go.mod h1:A9g5ObsQyz8QUKR+IbHEmUlfkbrRMYLWPrtGJHzAWKs=
github.com/runner-mei/errors v0.0.0-20200110030217-ce67aa3512c3 h1:anco31Aa7gvq901OuvW/9XP5/0fbFUWakeIUuDEQdAw=
github.com/runner-mei/errors v0.0.0-20200110030217-ce67aa3512c3/go.mod h1:A9g5ObsQyz8QUKR+IbHEmUlfkbrRMYLWPrtGJHzAWKs=
github.com/runner-mei/goutils v0.0.0-20200120093800-c5f3ee590a17 h1:Zh+vD8ZMvKmNguLqDBqXQR0AuyTkJYVCFnXil+WwMfI=
github.com/runner-mei/goutils v0.0.0-20200121065808-339b9fbc97d0 h1:MztWWtGDKOcSjPeoMYdQ8oW5kINtyrZ21f+NofygG8Q=
github.com/runner-mei/goutils v0.0.0-20200121065808-339b9fbc97d0/go.mod h1:uHKAg5y2XurLk1ctSNQ0LNDAsvHS7/sNVTxbZeoopDk=
github.com/runner-mei/goutils v0.0.0-20200123062102-d885612784aa h1:G/Y+j2LRN2coc6secTSpQ4sJPbzqGTbGC/RxZ1IHUaE=
github.com/runner-mei/goutils v0.0.0-20200123062102-d885612784aa/go.mod h1:uHKAg5y2XurLk1ctSNQ0LNDAsvHS7/sNVTxbZeoopDk=
github.com/runner-mei/goutils v0.0.0-20200127080248-a68f1606afbb h1:qp67FJxSMSmwYURI4X2+oKnxrq0bzTxgtVmrED8czcQ=
github.com/runner-mei/goutils v0.0.0-20200127080248-a68f1606afbb/go.mod h1:uHKAg5y2XurLk1ctSNQ0LNDAsvHS7/sNVTxbZeoopDk=
github.com/runner-mei/goutils v0.0.0-20200127081827-7dc777ceae4a h1:J/KiYdp9fd1dLFnF3REiZxlF9wzJQ7T5jjH3tOJSqlo=
github.com/runner-mei/goutils v0.0.0-20200127081827-7dc777ceae4a/go.mod h1:uHKAg5y2XurLk1ctSNQ0LNDAsvHS7/sNVTxbZeoopDk=
github.com/runner-mei/goutils v0.0.0-20200129073008-09d7b371d1b1 h1:3/wTCg5UDfTZhi4bRxHSfbZ9Z0uaheAf8TH21rcLnQI=
github.com/runner-mei/goutils v0.0.0-20200129073008-09d7b371d1b1/go.mod h1:pmaHs7IE5pLL/DW842cUUGS68c4hhiTX5WQ+ttDOa4I=
github.com/runner-mei/goutils v0.0.0-20200131130752-c9ed176985d2 h1:u+iAIYdqnhDX9L5Pxv/I7mo6MJGFQ1DEoEU44eQmwWs=
github.com/runner-mei/goutils v0.0.0-20200131130752-c9ed176985d2/go.mod h1:pmaHs7IE5pLL/DW842cUUGS68c4hhiTX5WQ+ttDOa4I=
github.com/runner-mei/goutils v0.0.0-20200210001204-d0d99b956cc3 h1:r967v60n8OiI3Non06qhvMa8N5A293xVQw1saBQ+1fY=
github.com/runner-mei/goutils v0.0.0-20200210001204-d0d99b956cc3/go.mod h1:42CqTCSjHgaERv57fSR2VyusWah8yI/ataFLcM+v+7g=
github.com/runner-mei/log v1.0.0/go.mod h1:0MveRoRDnCixGyy6HUWm7+aAA+AjcLV0JU3EHg0sEJM=
github.com/runner-mei/log v1.0.1 h1:G2ESdBI2ZP58AEV7qPSdfxd2GGxOkRObblOve5Vp3fc=
github.com/runner-mei/log v1.0.1/go.mod h1:yyWfw0HOYyKnEBHLWiKJFdHmo47QOetYqiS79vnfAJs=
github.com/runner-mei/log v1.0.2 h1:x20idqqHdH+52Vrd4h35mJhTmVeUbIwB64X9pMpaYP8=
github.com/runner-mei/log v1.0.2/go.mod h1:0MveRoRDnCixGyy6HUWm7+aAA+AjcLV0JU3EHg0sEJM=
github.com/runner-mei/loong v1.0.5 h1:k5GOHowF7iemoq6+tuxrTtIq9+cUIwMEs3u43yGqAxw=
github.com/runner-mei/loong v1.0.5/go.mod h1:nuZTSkb2Y/BC8xsGVDIo0G+fQQFune/J+LBK9WlY2Sk=
github.com/runner-mei/loong v1.0.6 h1:n0tRUg6d2ttcLtfhpdcF2ClwHg79Q0PCcZGgpw2ZzlQ=
github.com/runner-mei/loong v1.0.6/go.mod h1:nuZTSkb2Y/BC8xsGVDIo0G+fQQFune/J+LBK9WlY2Sk=
github.com/runner-mei/loong v1.0.7 h1:Dg+jKdMnxOIikVCZypXzUMhwmaf5HVDmgIMNv5bVZbk=
github.com/runner-mei/loong v1.0.7/go.mod h1:nuZTSkb2Y/BC8xsGVDIo0G+fQQFune/J+LBK9WlY2Sk=
github.com/runner-mei/resty v0.0.0-20191102140647-fa73802f0b7f h1:TjtdzP+dPyQhlsHLEDF+efkTMT4/lFRoXfAie0mEoRg=
github.com/runner-mei/resty v0.0.0-20191102140647-fa73802f0b7f/go.mod h1:EtdW2DD7fG5IeQrnBo+iOqvcjQ04Su1Wq4Zrj9KAQ/c=
github.com/sirupsen/logrus v1.4.1/go.mod h1:ni0Sbl8bgC9z8RoU9G6nDWqqs/fq4eDPysMBDgk/93Q=
github.com/spf13/cobra v0.0.3/go.mod h1:1l0Ry5zgKvJasoi3XT1TypsSe7PqH0Sj9dhYf7v3XqQ=
github.com/spf13/pflag v1.0.2/go.mod h1:DYY7MBk1bdzusC3SYhjObp+wFpr4gzcvqqNjLnInEg4=
github.com/stretchr/objx v0.1.0/go.mod h1:HFkY916IF+rwdDfMAkV7OtwuqBVzrE8GR6GFx+wExME=
github.com/stretchr/objx v0.1.1/go.mod h1:HFkY916IF+rwdDfMAkV7OtwuqBVzrE8GR6GFx+wExME=
github.com/stretchr/testify v1.2.2/go.mod h1:a8OnRcib4nhh0OaRAV+Yts87kKdq0PP7pXfy6kDkUVs=
github.com/stretchr/testify v1.3.0/go.mod h1:M5WIy9Dh21IEIfnGCwXGc5bZfKNJtfHm1UVUgZn+9EI=
github.com/stretchr/testify v1.4.0 h1:2E4SXV/wtOkTonXsotYi4li6zVWxYlZuYNCXe9XRJyk=
github.com/stretchr/testify v1.4.0/go.mod h1:j7eGeouHqKxXV5pUuKE4zz7dFj8WfuZ+81PSLYec5m4=
github.com/twinj/uuid v1.0.0 h1:fzz7COZnDrXGTAOHGuUGYd6sG+JMq+AoE7+Jlu0przk=
github.com/twinj/uuid v1.0.0/go.mod h1:mMgcE1RHFUFqe5AfiwlINXisXfDGro23fWdPUfOMjRY=
github.com/uber/jaeger-client-go v2.19.0+incompatible h1:pbwbYfHUoaase0oPQOdZ1GcaUjImYGimUXSQ/+8+Z8Q=
github.com/uber/jaeger-client-go v2.19.0+incompatible/go.mod h1:WVhlPFC8FDjOFMMWRy2pZqQJSXxYSwNYOkTr/Z6d3Kk=
github.com/uber/jaeger-lib v2.2.0+incompatible h1:MxZXOiR2JuoANZ3J6DE/U0kSFv/eJ/GfSYVCjK7dyaw=
github.com/uber/jaeger-lib v2.2.0+incompatible/go.mod h1:ComeNDZlWwrWnDv8aPp0Ba6+uUTzImX/AauajbLI56U=
github.com/valyala/bytebufferpool v1.0.0 h1:GqA5TC/0021Y/b9FG4Oi9Mr3q7XYx6KllzawFIhcdPw=
github.com/valyala/bytebufferpool v1.0.0/go.mod h1:6bBcMArwyJ5K/AmCkWv1jt77kVWyCJ6HpOuEn7z0Csc=
github.com/valyala/fasttemplate v1.0.1 h1:tY9CJiPnMXf1ERmG2EyK7gNUd+c6RKGD0IfU8WdUSz8=
github.com/valyala/fasttemplate v1.0.1/go.mod h1:UQGH1tvbgY+Nz5t2n7tXsz52dQxojPUpymEIMZ47gx8=
github.com/valyala/fasttemplate v1.1.0 h1:RZqt0yGBsps8NGvLSGW804QQqCUYYLsaOjTVHy1Ocw4=
github.com/valyala/fasttemplate v1.1.0/go.mod h1:UQGH1tvbgY+Nz5t2n7tXsz52dQxojPUpymEIMZ47gx8=
github.com/xeonx/timeago v1.0.0-rc4 h1:9rRzv48GlJC0vm+iBpLcWAr8YbETyN9Vij+7h2ammz4=
github.com/xeonx/timeago v1.0.0-rc4/go.mod h1:qDLrYEFynLO7y5Ho7w3GwgtYgpy5UfhcXIIQvMKVDkA=
go.uber.org/atomic v1.5.0 h1:OI5t8sDa1Or+q8AeE+yKeB/SDYioSHAgcVljj9JIETY=
go.uber.org/atomic v1.5.0/go.mod h1:sABNBOSYdrvTF6hTgEIbc7YasKWGhgEQZyfxyTvoXHQ=
go.uber.org/atomic v1.5.1 h1:rsqfU5vBkVknbhUGbAUwQKR2H4ItV8tjJ+6kJX4cxHM=
go.uber.org/atomic v1.5.1/go.mod h1:sABNBOSYdrvTF6hTgEIbc7YasKWGhgEQZyfxyTvoXHQ=
go.uber.org/dig v1.8.0 h1:1rR6hnL/bu1EVcjnRDN5kx1vbIjEJDTGhSQ2B3ddpcI=
go.uber.org/dig v1.8.0/go.mod h1:X34SnWGr8Fyla9zQNO2GSO2D+TIuqB14OS8JhYocIyw=
go.uber.org/fx v1.10.0 h1:S2K/H8oNied0Je/mLKdWzEWKZfv9jtxSDm8CnwK+5Fg=
go.uber.org/fx v1.10.0/go.mod h1:vLRicqpG/qQEzno4SYU86iCwfT95EZza+Eba0ItuxqY=
go.uber.org/goleak v0.10.0/go.mod h1:VCZuO8V8mFPlL0F5J5GK1rtHV3DrFcQ1R8ryq7FK0aI=
go.uber.org/multierr v1.3.0/go.mod h1:VgVr7evmIr6uPjLBxg28wmKNXyqE9akIJ5XnfpiKl+4=
go.uber.org/multierr v1.4.0 h1:f3WCSC2KzAcBXGATIxAB1E2XuCpNU255wNKZ505qi3E=
go.uber.org/multierr v1.4.0/go.mod h1:VgVr7evmIr6uPjLBxg28wmKNXyqE9akIJ5XnfpiKl+4=
go.uber.org/tools v0.0.0-20190618225709-2cfd321de3ee h1:0mgffUl7nfd+FpvXMVz4IDEaUSmT1ysygQC7qYo7sG4=
go.uber.org/tools v0.0.0-20190618225709-2cfd321de3ee/go.mod h1:vJERXedbb3MVM5f9Ejo0C68/HhF8uaILCdgjnY+goOA=
go.uber.org/zap v1.12.0/go.mod h1:zwrFLgMcdUuIBviXEYEH1YKNaOBnKXsx2IPda5bBwHM=
go.uber.org/zap v1.13.0 h1:nR6NoDBgAf67s68NhaXbsojM+2gxp3S1hWkHDl27pVU=
go.uber.org/zap v1.13.0/go.mod h1:zwrFLgMcdUuIBviXEYEH1YKNaOBnKXsx2IPda5bBwHM=
golang.org/x/crypto v0.0.0-20190308221718-c2843e01d9a2/go.mod h1:djNgcEr1/C05ACkg1iLfiJU5Ep61QUkGW8qpdssI0+w=
golang.org/x/crypto v0.0.0-20190325154230-a5d413f7728c/go.mod h1:djNgcEr1/C05ACkg1iLfiJU5Ep61QUkGW8qpdssI0+w=
golang.org/x/crypto v0.0.0-20190510104115-cbcb75029529/go.mod h1:yigFU9vqHzYiE8UmvKecakEJjdnWj3jj499lnFckfCI=
golang.org/x/crypto v0.0.0-20190701094942-4def268fd1a4/go.mod h1:yigFU9vqHzYiE8UmvKecakEJjdnWj3jj499lnFckfCI=
golang.org/x/crypto v0.0.0-20191011191535-87dc89f01550/go.mod h1:yigFU9vqHzYiE8UmvKecakEJjdnWj3jj499lnFckfCI=
golang.org/x/crypto v0.0.0-20191029031824-8986dd9e96cf h1:fnPsqIDRbCSgumaMCRpoIoF2s4qxv0xSSS0BVZUE/ss=
golang.org/x/crypto v0.0.0-20191029031824-8986dd9e96cf/go.mod h1:LzIPMQfyMNhhGPhUkYOs5KpL4U8rLKemX1yGLhDgUto=
golang.org/x/crypto v0.0.0-20191227163750-53104e6ec876/go.mod h1:LzIPMQfyMNhhGPhUkYOs5KpL4U8rLKemX1yGLhDgUto=
golang.org/x/crypto v0.0.0-20200128174031-69ecbb4d6d5d h1:9FCpayM9Egr1baVnV1SX0H87m+XB0B8S0hAMi99X/3U=
golang.org/x/crypto v0.0.0-20200128174031-69ecbb4d6d5d/go.mod h1:LzIPMQfyMNhhGPhUkYOs5KpL4U8rLKemX1yGLhDgUto=
golang.org/x/crypto v0.0.0-20200208060501-ecb85df21340 h1:KOcEaR10tFr7gdJV2GCKw8Os5yED1u1aOqHjOAb6d2Y=
golang.org/x/crypto v0.0.0-20200208060501-ecb85df21340/go.mod h1:LzIPMQfyMNhhGPhUkYOs5KpL4U8rLKemX1yGLhDgUto=
golang.org/x/image v0.0.0-20190501045829-6d32002ffd75 h1:TbGuee8sSq15Iguxu4deQ7+Bqq/d2rsQejGcEtADAMQ=
golang.org/x/image v0.0.0-20190501045829-6d32002ffd75/go.mod h1:kZ7UVZpmo3dzQBMxlp+ypCbDeSB+sBbTgSJuh5dn5js=
golang.org/x/lint v0.0.0-20190930215403-16217165b5de h1:5hukYrvBGR8/eNkX5mdUezrA6JiaEZDtJb9Ei+1LlBs=
golang.org/x/lint v0.0.0-20190930215403-16217165b5de/go.mod h1:6SW0HCj/g11FgYtHlgUYUwCkIfeOF89ocIRzGO/8vkc=
golang.org/x/lint v0.0.0-20200130185559-910be7a94367 h1:0IiAsCRByjO2QjX7ZPkw5oU9x+n1YqRL802rjC0c3Aw=
golang.org/x/lint v0.0.0-20200130185559-910be7a94367/go.mod h1:3xt1FjdF8hUf6vQPIChWIBhFzV8gjjsPE/fR3IyQdNY=
golang.org/x/mod v0.0.0-20190513183733-4bf6d317e70e/go.mod h1:mXi4GBBbnImb6dmsKGUJ2LatrhH/nqhxcFungHvyanc=
golang.org/x/mod v0.1.1-0.20191105210325-c90efee705ee/go.mod h1:QqPTAvyqsEbceGzBzNggFXnrqF1CaUcvgkdR5Ot7KZg=
golang.org/x/net v0.0.0-20190311183353-d8887717615a/go.mod h1:t9HGtf8HONx5eT2rtn7q6eTqICYqUVnKs3thJo3Qplg=
golang.org/x/net v0.0.0-20190404232315-eb5bcb51f2a3/go.mod h1:t9HGtf8HONx5eT2rtn7q6eTqICYqUVnKs3thJo3Qplg=
golang.org/x/net v0.0.0-20190603091049-60506f45cf65/go.mod h1:HSz+uSET+XFnRR8LxR5pz3Of3rY3CfYBVs4xY44aLks=
golang.org/x/net v0.0.0-20190620200207-3b0461eec859 h1:R/3boaszxrf1GEUWTVDzSKVwLmSJpwZ1yqXm8j0v2QI=
golang.org/x/net v0.0.0-20190620200207-3b0461eec859/go.mod h1:z5CRVTTTmAJ677TzLLGU+0bjPO0LkuOLi4/5GtJWs/s=
golang.org/x/net v0.0.0-20191209160850-c0dbc17a3553/go.mod h1:z5CRVTTTmAJ677TzLLGU+0bjPO0LkuOLi4/5GtJWs/s=
golang.org/x/net v0.0.0-20200114155413-6afb5195e5aa h1:F+8P+gmewFQYRk6JoLQLwjBCTu3mcIURZfNkVweuRKA=
golang.org/x/net v0.0.0-20200114155413-6afb5195e5aa/go.mod h1:z5CRVTTTmAJ677TzLLGU+0bjPO0LkuOLi4/5GtJWs/s=
golang.org/x/sync v0.0.0-20190423024810-112230192c58/go.mod h1:RxMgew5VJxzue5/jJTE5uejpjVlOe/izrB70Jof72aM=
golang.org/x/sys v0.0.0-20180905080454-ebe1bf3edb33/go.mod h1:STP8DvDyc/dI5b8T5hshtkjS+E42TnysNCUPdjciGhY=
golang.org/x/sys v0.0.0-20190215142949-d0b11bdaac8a/go.mod h1:STP8DvDyc/dI5b8T5hshtkjS+E42TnysNCUPdjciGhY=
golang.org/x/sys v0.0.0-20190222072716-a9d3bda3a223/go.mod h1:STP8DvDyc/dI5b8T5hshtkjS+E42TnysNCUPdjciGhY=
golang.org/x/sys v0.0.0-20190412213103-97732733099d/go.mod h1:h1NjWce9XRLGQEsW7wpKNCjG9DtNlClVuFLEZdDNbEs=
golang.org/x/sys v0.0.0-20190507160741-ecd444e8653b/go.mod h1:h1NjWce9XRLGQEsW7wpKNCjG9DtNlClVuFLEZdDNbEs=
golang.org/x/sys v0.0.0-20190813064441-fde4db37ae7a h1:aYOabOQFp6Vj6W1F80affTUvO9UxmJRx8K0gsfABByQ=
golang.org/x/sys v0.0.0-20190813064441-fde4db37ae7a/go.mod h1:h1NjWce9XRLGQEsW7wpKNCjG9DtNlClVuFLEZdDNbEs=
golang.org/x/sys v0.0.0-20191026070338-33540a1f6037/go.mod h1:h1NjWce9XRLGQEsW7wpKNCjG9DtNlClVuFLEZdDNbEs=
golang.org/x/sys v0.0.0-20191228213918-04cbcbbfeed8/go.mod h1:h1NjWce9XRLGQEsW7wpKNCjG9DtNlClVuFLEZdDNbEs=
golang.org/x/sys v0.0.0-20200116001909-b77594299b42/go.mod h1:h1NjWce9XRLGQEsW7wpKNCjG9DtNlClVuFLEZdDNbEs=
golang.org/x/sys v0.0.0-20200124204421-9fbb57f87de9 h1:1/DFK4b7JH8DmkqhUk48onnSfrPzImPoVxuomtbT2nk=
golang.org/x/sys v0.0.0-20200124204421-9fbb57f87de9/go.mod h1:h1NjWce9XRLGQEsW7wpKNCjG9DtNlClVuFLEZdDNbEs=
golang.org/x/text v0.3.0/go.mod h1:NqM8EUOU14njkJ3fqMW+pc6Ldnwhi/IjpwHt7yyuwOQ=
golang.org/x/text v0.3.2 h1:tW2bmiBqwgJj/UpqtC8EpXEZVYOwU0yG4iWbprSVAcs=
golang.org/x/text v0.3.2/go.mod h1:bEr9sfX3Q8Zfm5fL9x+3itogRgK3+ptLWKqgva+5dAk=
golang.org/x/tools v0.0.0-20180917221912-90fa682c2a6e/go.mod h1:n7NCudcB/nEzxVGmLbDWY5pfWTLqBcC2KZ6jyYvM4mQ=
golang.org/x/tools v0.0.0-20181030221726-6c7e314b6563/go.mod h1:n7NCudcB/nEzxVGmLbDWY5pfWTLqBcC2KZ6jyYvM4mQ=
golang.org/x/tools v0.0.0-20190311212946-11955173bddd/go.mod h1:LCzVGOaR6xXOjkQ3onu1FJEFr0SW1gC7cKk1uF8kGRs=
golang.org/x/tools v0.0.0-20190621195816-6e04913cbbac/go.mod h1:/rFqwRUd4F7ZHNgwSSTFct+R/Kf4OFW1sUzUTQQTgfc=
golang.org/x/tools v0.0.0-20191029041327-9cc4af7d6b2c/go.mod h1:b+2E5dAYhXwXZwtnZ6UAqBI28+e2cm9otk0dWdXHAEo=
golang.org/x/tools v0.0.0-20191029190741-b9c20aec41a5/go.mod h1:b+2E5dAYhXwXZwtnZ6UAqBI28+e2cm9otk0dWdXHAEo=
golang.org/x/tools v0.0.0-20191030062658-86caa796c7ab/go.mod h1:b+2E5dAYhXwXZwtnZ6UAqBI28+e2cm9otk0dWdXHAEo=
golang.org/x/tools v0.0.0-20191114200427-caa0b0f7d508 h1:0FYNp0PF9kFm/ZUrvcJiQ12IUJJG7iAc6Cu01wbKrbU=
golang.org/x/tools v0.0.0-20191114200427-caa0b0f7d508/go.mod h1:b+2E5dAYhXwXZwtnZ6UAqBI28+e2cm9otk0dWdXHAEo=
golang.org/x/tools v0.0.0-20200130002326-2f3ba24bd6e7/go.mod h1:TB2adYChydJhpapKDTa4BR/hXlZSLoq2Wpct/0txZ28=
golang.org/x/tools v0.0.0-20200131211209-ecb101ed6550 h1:3Kc3/T5DQ/majKzDmb+0NzmbXFhKLaeDTp3KqVPV5Eo=
golang.org/x/tools v0.0.0-20200131211209-ecb101ed6550/go.mod h1:TB2adYChydJhpapKDTa4BR/hXlZSLoq2Wpct/0txZ28=
golang.org/x/xerrors v0.0.0-20190717185122-a985d3407aa7/go.mod h1:I/5z698sn9Ka8TeJc9MKroUUfqBBauWjQqLJ2OPfmY0=
golang.org/x/xerrors v0.0.0-20191011141410-1b5146add898/go.mod h1:I/5z698sn9Ka8TeJc9MKroUUfqBBauWjQqLJ2OPfmY0=
golang.org/x/xerrors v0.0.0-20191204190536-9bdfabe68543/go.mod h1:I/5z698sn9Ka8TeJc9MKroUUfqBBauWjQqLJ2OPfmY0=
google.golang.org/appengine v1.6.5/go.mod h1:8WjMMxjGQR8xUklV/ARdw2HLXBOI7O7uCIDZVag1xfc=
gopkg.in/asn1-ber.v1 v1.0.0-20181015200546-f715ec2f112d h1:TxyelI5cVkbREznMhfzycHdkp5cLA7DpE+GKjSslYhM=
gopkg.in/asn1-ber.v1 v1.0.0-20181015200546-f715ec2f112d/go.mod h1:cuepJuh7vyXfUyUwEgHQXw849cJrilpS5NeIjOWESAw=
gopkg.in/cas.v2 v2.2.0 h1:P9mMBcXS1IH04uNio9M2VVJwrovGDf3D9trxXPXRoE8=
gopkg.in/cas.v2 v2.2.0/go.mod h1:mlmjh4qM/Jm3eSDD0QVr5GaaSW3nOonSUSWkLLvNYnI=
gopkg.in/check.v1 v0.0.0-20161208181325-20d25e280405/go.mod h1:Co6ibVJAznAaIkqp8huTwlJQCZ016jof/cbN4VW5Yz0=
gopkg.in/check.v1 v1.0.0-20180628173108-788fd7840127/go.mod h1:Co6ibVJAznAaIkqp8huTwlJQCZ016jof/cbN4VW5Yz0=
gopkg.in/errgo.v2 v2.1.0/go.mod h1:hNsd1EY+bozCKY1Ytp96fpM3vjJbqLJn88ws8XvfDNI=
gopkg.in/fsnotify/fsnotify.v1 v1.4.7 h1:XNNYLJHt73EyYiCZi6+xjupS9CpvmiDgjPTAjrBlQbo=
gopkg.in/fsnotify/fsnotify.v1 v1.4.7/go.mod h1:Fyux9zXlo4rWoMSIzpn9fDAYjalPqJ/K1qJ27s+7ltE=
gopkg.in/ldap.v3 v3.1.0 h1:DIDWEjI7vQWREh0S8X5/NFPCZ3MCVd55LmXKPW4XLGE=
gopkg.in/ldap.v3 v3.1.0/go.mod h1:dQjCc0R0kfyFjIlWNMH1DORwUASZyDxo2Ry1B51dXaQ=
gopkg.in/natefinch/lumberjack.v2 v2.0.0 h1:1Lc07Kr7qY4U2YPouBjpCLxpiyxIVoxqXgkXLknAOE8=
gopkg.in/natefinch/lumberjack.v2 v2.0.0/go.mod h1:l0ndWWf7gzL7RNwBG7wST/UCcT4T24xpD6X8LsfU/+k=
gopkg.in/stack.v0 v0.0.0-20141108040640-9b43fcefddd0 h1:lMH45EKqD8Nf6LwoF+43YOKjOAEEHQRVgDyG8RCV4MU=
gopkg.in/stack.v0 v0.0.0-20141108040640-9b43fcefddd0/go.mod h1:kl/bNzW/jgTgUOCGDj3XPn9/Hbfhw6pjfBRUnaTioFQ=
gopkg.in/yaml.v2 v2.2.1/go.mod h1:hI93XBmqTisBFMUTm0b8Fm+jr3Dg1NNxqwp+5A1VGuI=
gopkg.in/yaml.v2 v2.2.2 h1:ZCJp+EgiOT7lHqUV2J862kp8Qj64Jo6az82+3Td9dZw=
gopkg.in/yaml.v2 v2.2.2/go.mod h1:hI93XBmqTisBFMUTm0b8Fm+jr3Dg1NNxqwp+5A1VGuI=
honnef.co/go/tools v0.0.1-2019.2.3 h1:3JgtbtFHMiCmsznwGVTUWbgGov+pVqnlf1dEJTNAXeM=
honnef.co/go/tools v0.0.1-2019.2.3/go.mod h1:a3bituU0lyd329TUQxRnasdCoJDkEUEAqEt0JzvZhAg=
howett.net/plist v0.0.0-20181124034731-591f970eefbb h1:jhnBjNi9UFpfpl8YZhA9CrOqpnJdvzuiHsl/dnxl11M=
howett.net/plist v0.0.0-20181124034731-591f970eefbb/go.mod h1:vMygbs4qMhSZSc4lCUl2OEE+rDiIIJAIdR4m7MiMcm0=
